
Microsoft Visual Studio Solution File, Format Version 12.00
# Visual Studio Version 17
VisualStudioVersion = 17.13.35919.96 d17.13
MinimumVisualStudioVersion = 10.0.40219.1
Project("{FAE04EC0-301F-11D3-BF4B-00C04F79EFBC}") = "COMP003B.SP25.FinalProject.VerissimoA", "COMP003B.SP25.FinalProject.VerissimoA.csproj", "{957C362E-7813-406F-8CBA-1F5FC930086D}"
EndProject
Global
	GlobalSection(SolutionConfigurationPlatforms) = preSolution
		Debug|Any CPU = Debug|Any CPU
		Release|Any CPU = Release|Any CPU
	EndGlobalSection
	GlobalSection(ProjectConfigurationPlatforms) = postSolution
		{957C362E-7813-406F-8CBA-1F5FC930086D}.Debug|Any CPU.ActiveCfg = Debug|Any CPU
		{957C362E-7813-406F-8CBA-1F5FC930086D}.Debug|Any CPU.Build.0 = Debug|Any CPU
		{957C362E-7813-406F-8CBA-1F5FC930086D}.Release|Any CPU.ActiveCfg = Release|Any CPU
		{957C362E-7813-406F-8CBA-1F5FC930086D}.Release|Any CPU.Build.0 = Release|Any CPU
	EndGlobalSection
	GlobalSection(SolutionProperties) = preSolution
		HideSolutionNode = FALSE
	EndGlobalSection
	GlobalSection(ExtensibilityGlobals) = postSolution
		SolutionGuid = {ADF41D58-5AFC-4E60-962D-56837AC41A9A}
	EndGlobalSection
EndGlobal
